{
  "name": "gentestschemas",
  "version": "1.0.0",
  "lockfileVersion": 1,
  "requires": true,
  "dependencies": {
    "@types/events": {
      "version": "3.0.0",
      "resolved": "https://registry.npmjs.org/@types/events/-/events-3.0.0.tgz",
      "integrity": "sha512-EaObqwIvayI5a8dCzhFrjKzVwKLxjoG9T6Ppd5CEo07LRKfQ8Yokw54r5+Wq7FaBQ+yXRvQAYPrHwya1/UFt9g=="
    },
    "@types/glob": {
      "version": "7.1.1",
      "resolved": "https://registry.npmjs.org/@types/glob/-/glob-7.1.1.tgz",
      "integrity": "sha512-1Bh06cbWJUHMC97acuD6UMG29nMt0Aqz1vF3guLfG+kHHJhy3AyohZFFxYk2f7Q1SQIrNwvncxAE0N/9s70F2w==",
      "requires": {
        "@types/events": "*",
        "@types/minimatch": "*",
        "@types/node": "*"
      }
    },
    "@types/minimatch": {
      "version": "3.0.3",
      "resolved": "https://registry.npmjs.org/@types/minimatch/-/minimatch-3.0.3.tgz",
      "integrity": "sha512-tHq6qdbT9U1IRSGf14CL0pUlULksvY9OZ+5eEgl1N7t+OA3tGvNpxJCzuKQlsNgCVwbAs670L1vcVQi8j9HjnA=="
    },
    "@types/node": {
      "version": "11.13.10",
      "resolved": "https://registry.npmjs.org/@types/node/-/node-11.13.10.tgz",
      "integrity": "sha512-leUNzbFTMX94TWaIKz8N15Chu55F9QSH+INKayQr5xpkasBQBRF3qQXfo3/dOnMU/dEIit+Y/SU8HyOjq++GwA=="
    },
    "@types/typescript": {
      "version": "2.0.0",
      "resolved": "https://registry.npmjs.org/@types/typescript/-/typescript-2.0.0.tgz",
      "integrity": "sha1-xDNTnJi64oaCswfqp6D9IRW4PCg=",
      "requires": {
        "typescript": "*"
      }
    },
    "balanced-match": {
      "version": "1.0.0",
      "resolved": "https://registry.npmjs.org/balanced-match/-/balanced-match-1.0.0.tgz",
      "integrity": "sha1-ibTRmasr7kneFk6gK4nORi1xt2c="
    },
    "brace-expansion": {
      "version": "1.1.11",
      "resolved": "https://registry.npmjs.org/brace-expansion/-/brace-expansion-1.1.11.tgz",
      "integrity": "sha512-iCuPHDFgrHX7H2vEI/5xpz07zSHB00TpugqhmYtVmMO6518mCuRMoOYFldEBl0g187ufozdaHgWKcYFb61qGiA==",
      "requires": {
        "balanced-match": "^1.0.0",
        "concat-map": "0.0.1"
      }
    },
    "concat-map": {
      "version": "0.0.1",
      "resolved": "https://registry.npmjs.org/concat-map/-/concat-map-0.0.1.tgz",
      "integrity": "sha1-2Klr13/Wjfd5OnMDajug1UBdR3s="
    },
    "fs.realpath": {
      "version": "1.0.0",
      "resolved": "https://registry.npmjs.org/fs.realpath/-/fs.realpath-1.0.0.tgz",
      "integrity": "sha1-FQStJSMVjKpA20onh8sBQRmU6k8="
    },
    "glob": {
      "version": "7.1.4",
      "resolved": "https://registry.npmjs.org/glob/-/glob-7.1.4.tgz",
      "integrity": "sha512-hkLPepehmnKk41pUGm3sYxoFs/umurYfYJCerbXEyFIWcAzvpipAgVkBqqT9RBKMGjnq6kMuyYwha6csxbiM1A==",
      "requires": {
        "fs.realpath": "^1.0.0",
        "inflight": "^1.0.4",
        "inherits": "2",
        "minimatch": "^3.0.4",
        "once": "^1.3.0",
        "path-is-absolute": "^1.0.0"
      }
    },
    "inflight": {
      "version": "1.0.6",
      "resolved": "https://registry.npmjs.org/inflight/-/inflight-1.0.6.tgz",
      "integrity": "sha1-Sb1jMdfQLQwJvJEKEHW6gWW1bfk=",
      "requires": {
        "once": "^1.3.0",
        "wrappy": "1"
      }
    },
    "inherits": {
      "version": "2.0.3",
      "resolved": "https://registry.npmjs.org/inherits/-/inherits-2.0.3.tgz",
      "integrity": "sha1-Yzwsg+PaQqUC9SRmAiSA9CCCYd4="
    },
    "k8w-crypto": {
      "version": "0.1.1",
      "resolved": "https://registry.npmjs.org/k8w-crypto/-/k8w-crypto-0.1.1.tgz",
      "integrity": "sha512-FIT+Gdh1Ja2YuCaXsSlb9km89MdCE5Qk6gnYorlTQ5vvjtqurKVxHtN9iqmf82qJmZCol2D9sT/rF1cuDB3Q0Q=="
    },
    "k8w-extend-native": {
      "version": "1.1.0",
      "resolved": "https://registry.npmjs.org/k8w-extend-native/-/k8w-extend-native-1.1.0.tgz",
      "integrity": "sha512-EyS/ilV1R555exy1rR4T9MOKfTalYRhKBnH9nxyEwJDN84v0rlksidFKj8eoBeSIzJmUvqoCPYsTYVlUfSWMIg==",
      "requires": {
        "k8w-linq-array": "*",
        "k8w-super-date": "*",
        "k8w-super-object": "*"
      }
    },
    "k8w-linq-array": {
      "version": "0.2.6",
      "resolved": "https://registry.npmjs.org/k8w-linq-array/-/k8w-linq-array-0.2.6.tgz",
      "integrity": "sha512-k7E4CL4b/qTpVUYU2mcNys8SsXUj+wUIUCPXXJ9ezuEJPdbyLDGMghn1dPhML0fMf/b9EF/N9u0nlMoCZ+DAdg=="
    },
    "k8w-super-date": {
      "version": "0.1.2",
      "resolved": "https://registry.npmjs.org/k8w-super-date/-/k8w-super-date-0.1.2.tgz",
      "integrity": "sha512-tTmDQEMEviD78ToUFG24EJXkiSFE+rW4jlcPiyNRCvlxEiWNTpAgcRZtoN2z8BDWW/euiKjzq9Dqx96rnyorPg=="
    },
    "k8w-super-object": {
      "version": "0.2.1",
      "resolved": "https://registry.npmjs.org/k8w-super-object/-/k8w-super-object-0.2.1.tgz",
      "integrity": "sha512-c6BmMDSFJrxeSRePAl/rE7nosvSWahA1h9Dd0pbmTl74dgKtrSx3+N5qYWsPFOfwX5rmy+eFQsrrMlqCMpwuNQ=="
    },
    "minimatch": {
      "version": "3.0.4",
      "resolved": "https://registry.npmjs.org/minimatch/-/minimatch-3.0.4.tgz",
      "integrity": "sha512-yJHVQEhyqPLUTgt9B83PXu6W3rx4MvvHvSUvToogpwoGDOUQ+yDrR0HRot+yOCdCO7u4hX3pWft6kWBBcqh0UA==",
      "requires": {
        "brace-expansion": "^1.1.7"
      }
    },
    "once": {
      "version": "1.4.0",
      "resolved": "https://registry.npmjs.org/once/-/once-1.4.0.tgz",
      "integrity": "sha1-WDsap3WWHUsROsF9nFC6753Xa9E=",
      "requires": {
        "wrappy": "1"
      }
    },
    "path-is-absolute": {
      "version": "1.0.1",
      "resolved": "https://registry.npmjs.org/path-is-absolute/-/path-is-absolute-1.0.1.tgz",
      "integrity": "sha1-F0uSaHNVNP+8es5r9TpanhtcX18="
    },
    "tsbuffer-schema": {
      "version": "0.7.0",
      "resolved": "https://registry.npmjs.org/tsbuffer-schema/-/tsbuffer-schema-0.7.0.tgz",
      "integrity": "sha512-fmtZO/vQBRe01u9L6ibeEqqqN0UGhuluKKLycZChov6u5lEDAvxZMOUsWhqqhxCUyRBtSmKEoRHoGsLsWZqYzQ=="
    },
    "tsbuffer-schema-generator": {
      "version": "1.1.0",
      "resolved": "https://registry.npmjs.org/tsbuffer-schema-generator/-/tsbuffer-schema-generator-1.1.0.tgz",
      "integrity": "sha512-mIhyI/ZozUEZ4ejV8Rl4U5Gwci7goDtjV8Ek3L6Kq9hkVPCG9vb1n3BYtX2AFcj6lFD52XbjvQuNpyQ9pgW4fg==",
      "requires": {
        "@types/node": "^11.13.2",
        "@types/typescript": "^2.0.0",
        "k8w-crypto": "^0.1.1",
        "k8w-extend-native": "^1.1.0",
        "tsbuffer-schema": "^0.7.0",
        "tslib": "^1.9.3",
        "typescript": "^3.4.5"
      }
    },
    "tslib": {
      "version": "1.9.3",
      "resolved": "https://registry.npmjs.org/tslib/-/tslib-1.9.3.tgz",
      "integrity": "sha512-4krF8scpejhaOgqzBEcGM7yDIEfi0/8+8zDRZhNZZ2kjmHJ4hv3zCbQWxoJGz1iw5U0Jl0nma13xzHXcncMavQ=="
    },
    "typescript": {
      "version": "3.5.1",
      "resolved": "https://registry.npmjs.org/typescript/-/typescript-3.5.1.tgz",
      "integrity": "sha512-64HkdiRv1yYZsSe4xC1WVgamNigVYjlssIoaH2HcZF0+ijsk5YK2g0G34w9wJkze8+5ow4STd22AynfO6ZYYLw=="
    },
    "wrappy": {
      "version": "1.0.2",
      "resolved": "https://registry.npmjs.org/wrappy/-/wrappy-1.0.2.tgz",
      "integrity": "sha1-tSQ9jz7BqjXxNkYFvA0QNuMKtp8="
    }
  }
}
