{
  "name": "gentestschemas",
  "version": "1.0.0",
  "lockfileVersion": 1,
  "requires": true,
  "dependencies": {
    "@types/glob": {
      "version": "7.1.3",
      "resolved": "https://registry.npmjs.org/@types/glob/-/glob-7.1.3.tgz",
      "integrity": "sha512-SEYeGAIQIQX8NN6LDKprLjbrd5dARM5EXsd8GI/A5l0apYI1fGMWgPHSe4ZKL4eozlAyI+doUE9XbYS4xCkQ1w==",
      "requires": {
        "@types/minimatch": "*",
        "@types/node": "*"
      }
    },
    "@types/minimatch": {
      "version": "3.0.4",
      "resolved": "https://registry.npmjs.org/@types/minimatch/-/minimatch-3.0.4.tgz",
      "integrity": "sha512-1z8k4wzFnNjVK/tlxvrWuK5WMt6mydWWP7+zvH5eFep4oj+UkrfiJTRtjCeBXNpwaA/FYqqtb4/QS4ianFpIRA=="
    },
    "@types/node": {
      "version": "15.6.0",
      "resolved": "https://registry.npmjs.org/@types/node/-/node-15.6.0.tgz",
      "integrity": "sha512-gCYSfQpy+LYhOFTKAeE8BkyGqaxmlFxe+n4DKM6DR0wzw/HISUE/hAmkC/KT8Sw5PCJblqg062b3z9gucv3k0A=="
    },
    "balanced-match": {
      "version": "1.0.2",
      "resolved": "https://registry.npmjs.org/balanced-match/-/balanced-match-1.0.2.tgz",
      "integrity": "sha512-3oSeUO0TMV67hN1AmbXsK4yaqU7tjiHlbxRDZOpH0KW9+CeX4bRAaX0Anxt0tx2MrpRpWwQaPwIlISEJhYU5Pw=="
    },
    "brace-expansion": {
      "version": "1.1.11",
      "resolved": "https://registry.npmjs.org/brace-expansion/-/brace-expansion-1.1.11.tgz",
      "integrity": "sha512-iCuPHDFgrHX7H2vEI/5xpz07zSHB00TpugqhmYtVmMO6518mCuRMoOYFldEBl0g187ufozdaHgWKcYFb61qGiA==",
      "requires": {
        "balanced-match": "^1.0.0",
        "concat-map": "0.0.1"
      }
    },
    "concat-map": {
      "version": "0.0.1",
      "resolved": "https://registry.npmjs.org/concat-map/-/concat-map-0.0.1.tgz",
      "integrity": "sha1-2Klr13/Wjfd5OnMDajug1UBdR3s="
    },
    "fs.realpath": {
      "version": "1.0.0",
      "resolved": "https://registry.npmjs.org/fs.realpath/-/fs.realpath-1.0.0.tgz",
      "integrity": "sha1-FQStJSMVjKpA20onh8sBQRmU6k8="
    },
    "glob": {
      "version": "7.1.7",
      "resolved": "https://registry.npmjs.org/glob/-/glob-7.1.7.tgz",
      "integrity": "sha512-OvD9ENzPLbegENnYP5UUfJIirTg4+XwMWGaQfQTY0JenxNvvIKP3U3/tAQSPIu/lHxXYSZmpXlUHeqAIdKzBLQ==",
      "requires": {
        "fs.realpath": "^1.0.0",
        "inflight": "^1.0.4",
        "inherits": "2",
        "minimatch": "^3.0.4",
        "once": "^1.3.0",
        "path-is-absolute": "^1.0.0"
      }
    },
    "inflight": {
      "version": "1.0.6",
      "resolved": "https://registry.npmjs.org/inflight/-/inflight-1.0.6.tgz",
      "integrity": "sha1-Sb1jMdfQLQwJvJEKEHW6gWW1bfk=",
      "requires": {
        "once": "^1.3.0",
        "wrappy": "1"
      }
    },
    "inherits": {
      "version": "2.0.4",
      "resolved": "https://registry.npmjs.org/inherits/-/inherits-2.0.4.tgz",
      "integrity": "sha512-k/vGaX4/Yla3WzyMCvTQOXYeIHvqOKtnqBduzTHpzpQZzAskKMhZ2K+EnBiSM9zGSoIFeMpXKxa4dYeZIQqewQ=="
    },
    "k8w-crypto": {
      "version": "0.2.0",
      "resolved": "https://registry.npmjs.org/k8w-crypto/-/k8w-crypto-0.2.0.tgz",
      "integrity": "sha512-M6u4eQ6CQaU5xO3s4zaUUp9G79xNDhXtTU0X7N80tDcBhQC5ggowlyOzj95v7WiCuk7xkV0aFsTmCpuf0m0djw==",
      "dev": true
    },
    "k8w-extend-native": {
      "version": "1.4.5",
      "resolved": "https://registry.npmjs.org/k8w-extend-native/-/k8w-extend-native-1.4.5.tgz",
      "integrity": "sha512-4yeqw4SDXQKwOYAq3DBIBm7L17sRu+vzlnLNRtKm4afsUO2klbIhQuMxdsH3Upsy4jZMdzW+AhEN5d4c5s3PxQ==",
      "dev": true,
      "requires": {
        "k8w-linq-array": "*",
        "k8w-super-date": "*",
        "k8w-super-object": "*"
      }
    },
    "k8w-linq-array": {
      "version": "0.2.7",
      "resolved": "https://registry.npmjs.org/k8w-linq-array/-/k8w-linq-array-0.2.7.tgz",
      "integrity": "sha512-E4hwi6c4lqC4b8zBkLK1IH/jOyLnc2lUDixG+DNAhjQmSWdL4KaXkwWmXmRztrxSPLbWPYU4qnmjgGHIZCC+YQ==",
      "dev": true
    },
    "k8w-super-date": {
      "version": "0.1.2",
      "resolved": "https://registry.npmjs.org/k8w-super-date/-/k8w-super-date-0.1.2.tgz",
      "integrity": "sha512-tTmDQEMEviD78ToUFG24EJXkiSFE+rW4jlcPiyNRCvlxEiWNTpAgcRZtoN2z8BDWW/euiKjzq9Dqx96rnyorPg==",
      "dev": true
    },
    "k8w-super-object": {
      "version": "0.3.0",
      "resolved": "https://registry.npmjs.org/k8w-super-object/-/k8w-super-object-0.3.0.tgz",
      "integrity": "sha512-u2jfh4goYXKZmSucaLaOTaNbLRatjv0CSRpzE0KU0732+9XtYZFd5vrdw/mzJfK5fPHb/zyikOSHDX5mJrav+g==",
      "dev": true
    },
    "minimatch": {
      "version": "3.0.4",
      "resolved": "https://registry.npmjs.org/minimatch/-/minimatch-3.0.4.tgz",
      "integrity": "sha512-yJHVQEhyqPLUTgt9B83PXu6W3rx4MvvHvSUvToogpwoGDOUQ+yDrR0HRot+yOCdCO7u4hX3pWft6kWBBcqh0UA==",
      "requires": {
        "brace-expansion": "^1.1.7"
      }
    },
    "once": {
      "version": "1.4.0",
      "resolved": "https://registry.npmjs.org/once/-/once-1.4.0.tgz",
      "integrity": "sha1-WDsap3WWHUsROsF9nFC6753Xa9E=",
      "requires": {
        "wrappy": "1"
      }
    },
    "path-is-absolute": {
      "version": "1.0.1",
      "resolved": "https://registry.npmjs.org/path-is-absolute/-/path-is-absolute-1.0.1.tgz",
      "integrity": "sha1-F0uSaHNVNP+8es5r9TpanhtcX18="
    },
    "tsbuffer-proto-generator": {
      "version": "1.4.1-dev.4",
      "resolved": "https://registry.npmjs.org/tsbuffer-proto-generator/-/tsbuffer-proto-generator-1.4.1-dev.4.tgz",
      "integrity": "sha512-mj5OlM4Hx1nKP3RCb7JNn66aSTqamPO/P2Jrbo7wUJ4T4hGCZbGXcpwulhN9SdeSUrj5qTPF9cMrtjilfoIMmA==",
      "dev": true,
      "requires": {
        "k8w-crypto": "^0.2.0",
        "k8w-extend-native": "^1.4.5",
        "tsbuffer-schema": "^2.0.1-dev.2",
        "typescript": "^4.2.4"
      }
    },
    "tsbuffer-schema": {
      "version": "2.0.1-dev.2",
      "resolved": "https://registry.npmjs.org/tsbuffer-schema/-/tsbuffer-schema-2.0.1-dev.2.tgz",
      "integrity": "sha512-cPR10y7H4Jeyw1SYX+cqMpTmIKW5YbPneE9+CVQWi0TTUC0C3Qln04lXIoM1jZjmGWVxb+zctHcRIrC+m89mTw==",
      "dev": true
    },
    "typescript": {
      "version": "4.2.4",
      "resolved": "https://registry.npmjs.org/typescript/-/typescript-4.2.4.tgz",
      "integrity": "sha512-V+evlYHZnQkaz8TRBuxTA92yZBPotr5H+WhQ7bD3hZUndx5tGOa1fuCgeSjxAzM1RiN5IzvadIXTVefuuwZCRg==",
      "dev": true
    },
    "wrappy": {
      "version": "1.0.2",
      "resolved": "https://registry.npmjs.org/wrappy/-/wrappy-1.0.2.tgz",
      "integrity": "sha1-tSQ9jz7BqjXxNkYFvA0QNuMKtp8="
    }
  }
}
